
Microsoft Visual Studio Solution File, Format Version 12.00
# Visual Studio Version 16
VisualStudioVersion = 16.0.31911.196
MinimumVisualStudioVersion = 10.0.40219.1
Project("{FAE04EC0-301F-11D3-BF4B-00C04F79EFBC}") = "NewsPaperApp", "NewsPaperApp\NewsPaperApp.csproj", "{DF4003AC-8FC8-43FA-B6DC-0312BE23BE79}"
EndProject
Global
	GlobalSection(SolutionConfigurationPlatforms) = preSolution
		Debug|Any CPU = Debug|Any CPU
		Release|Any CPU = Release|Any CPU
	EndGlobalSection
	GlobalSection(ProjectConfigurationPlatforms) = postSolution
		{DF4003AC-8FC8-43FA-B6DC-0312BE23BE79}.Debug|Any CPU.ActiveCfg = Debug|Any CPU
		{DF4003AC-8FC8-43FA-B6DC-0312BE23BE79}.Debug|Any CPU.Build.0 = Debug|Any CPU
		{DF4003AC-8FC8-43FA-B6DC-0312BE23BE79}.Release|Any CPU.ActiveCfg = Release|Any CPU
		{DF4003AC-8FC8-43FA-B6DC-0312BE23BE79}.Release|Any CPU.Build.0 = Release|Any CPU
	EndGlobalSection
	GlobalSection(SolutionProperties) = preSolution
		HideSolutionNode = FALSE
	EndGlobalSection
	GlobalSection(ExtensibilityGlobals) = postSolution
		SolutionGuid = {AE0FC682-9067-4D5C-96D8-67D385201E00}
	EndGlobalSection
EndGlobal
